
Microsoft Visual Studio Solution File, Format Version 12.00
# Visual Studio 15
VisualStudioVersion = 15.0.27130.2024
MinimumVisualStudioVersion = 10.0.40219.1
Project("{9A19103F-16F7-4668-BE54-9A1E7A4F7556}") = "xBimMeetsAngular", "src\xBimMeetsAngular\xBimMeetsAngular.csproj", "{B4C8BEA6-3FEE-40D4-9826-A13C7E6B98F3}"
EndProject
Project("{2150E333-8FDC-42A3-9474-1A3956D46DE8}") = "src", "src", "{7B85B5CF-FB3F-40FD-B37F-931F5A4073DE}"
EndProject
Project("{2150E333-8FDC-42A3-9474-1A3956D46DE8}") = "Solution Items", "Solution Items", "{5F2AE160-9C0A-41B1-9404-D97F89233083}"
	ProjectSection(SolutionItems) = preProject
		build.ps1 = build.ps1
		README.md = README.md
	EndProjectSection
EndProject
Global
	GlobalSection(SolutionConfigurationPlatforms) = preSolution
		Debug|Any CPU = Debug|Any CPU
		Release|Any CPU = Release|Any CPU
	EndGlobalSection
	GlobalSection(ProjectConfigurationPlatforms) = postSolution
		{B4C8BEA6-3FEE-40D4-9826-A13C7E6B98F3}.Debug|Any CPU.ActiveCfg = Debug|Any CPU
		{B4C8BEA6-3FEE-40D4-9826-A13C7E6B98F3}.Debug|Any CPU.Build.0 = Debug|Any CPU
		{B4C8BEA6-3FEE-40D4-9826-A13C7E6B98F3}.Release|Any CPU.ActiveCfg = Release|Any CPU
		{B4C8BEA6-3FEE-40D4-9826-A13C7E6B98F3}.Release|Any CPU.Build.0 = Release|Any CPU
	EndGlobalSection
	GlobalSection(SolutionProperties) = preSolution
		HideSolutionNode = FALSE
	EndGlobalSection
	GlobalSection(NestedProjects) = preSolution
		{B4C8BEA6-3FEE-40D4-9826-A13C7E6B98F3} = {7B85B5CF-FB3F-40FD-B37F-931F5A4073DE}
	EndGlobalSection
	GlobalSection(ExtensibilityGlobals) = postSolution
		SolutionGuid = {CEB9CD44-18F9-4C6A-ACE6-55881596191C}
	EndGlobalSection
EndGlobal
